
Microsoft Visual Studio Solution File, Format Version 12.00
# Visual Studio Version 16
VisualStudioVersion = 16.0.31729.503
MinimumVisualStudioVersion = 10.0.40219.1
Project("{9A19103F-16F7-4668-BE54-9A1E7A4F7556}") = "Mc2.CrudTest.Presentation.Front", "Mc2.CrudTest.Presentation\Front\Mc2.CrudTest.Presentation.Front.csproj", "{4B62EAE3-1858-4833-9E36-EE77FADC2328}"
EndProject
Project("{9A19103F-16F7-4668-BE54-9A1E7A4F7556}") = "Mc2.CrudTest.AcceptanceTests", "Mc2.CrudTest.AcceptanceTests\Mc2.CrudTest.AcceptanceTests.csproj", "{00E0E714-1EB4-4B62-950F-AE7C3BFD6766}"
EndProject
Project("{9A19103F-16F7-4668-BE54-9A1E7A4F7556}") = "Mc2.CrudTest.Shared", "Mc2.CrudTest.Presentation\Shared\Mc2.CrudTest.Shared.csproj", "{661369DC-0F78-4889-BA3B-639513A49789}"
EndProject
Project("{9A19103F-16F7-4668-BE54-9A1E7A4F7556}") = "Mc2.CrudTest.Presentation.Server1", "Mc2.CrudTest.Presentation\Server\Mc2.CrudTest.Presentation.Server1.csproj", "{8D41010B-AEF1-4742-B7EC-6A5AE62C45FC}"
EndProject
Project("{2150E333-8FDC-42A3-9474-1A3956D46DE8}") = "FrameWorkCore", "FrameWorkCore", "{9041F321-FE60-4DE2-938A-B8C8C9F0D652}"
EndProject
Project("{9A19103F-16F7-4668-BE54-9A1E7A4F7556}") = "GenericRepositoryEntityFramework", "GenericRepositoryEntityFramework\GenericRepositoryEntityFramework.csproj", "{3CC97E8D-C7B9-43A3-BDFB-C21CFBCC5C36}"
EndProject
Project("{9A19103F-16F7-4668-BE54-9A1E7A4F7556}") = "SharedKernel", "SharedKernel\SharedKernel.csproj", "{E4B499DD-1BAE-4F5C-8F66-79679C1EC164}"
EndProject
Project("{9A19103F-16F7-4668-BE54-9A1E7A4F7556}") = "Mc2.Crud.Core", "Mc2.Crud.Core\Mc2.Crud.Core.csproj", "{F16DC66B-90E6-4818-826B-7A6EC9ECE628}"
EndProject
Project("{9A19103F-16F7-4668-BE54-9A1E7A4F7556}") = "Mc2.Crud.Service", "Mc2.Crud.Service\Mc2.Crud.Service.csproj", "{32530DDB-78D1-45F5-A1E6-0F9FC1E990AE}"
EndProject
Project("{9A19103F-16F7-4668-BE54-9A1E7A4F7556}") = "Mc2.Crud.Models", "Mc2.Crud.Models\Mc2.Crud.Models.csproj", "{4500FFF6-99ED-4000-AFB1-00523FA1A110}"
EndProject
Project("{FAE04EC0-301F-11D3-BF4B-00C04F79EFBC}") = "Mc2.CrudTest.Presentation.Server", "Mc2.CrudTest.Presentation.Server\Mc2.CrudTest.Presentation.Server.csproj", "{2ED26474-2C20-40B3-860C-17370C5F482D}"
EndProject
Global
	GlobalSection(SolutionConfigurationPlatforms) = preSolution
		Debug|Any CPU = Debug|Any CPU
		Release|Any CPU = Release|Any CPU
	EndGlobalSection
	GlobalSection(ProjectConfigurationPlatforms) = postSolution
		{4B62EAE3-1858-4833-9E36-EE77FADC2328}.Debug|Any CPU.ActiveCfg = Debug|Any CPU
		{4B62EAE3-1858-4833-9E36-EE77FADC2328}.Debug|Any CPU.Build.0 = Debug|Any CPU
		{4B62EAE3-1858-4833-9E36-EE77FADC2328}.Release|Any CPU.ActiveCfg = Release|Any CPU
		{4B62EAE3-1858-4833-9E36-EE77FADC2328}.Release|Any CPU.Build.0 = Release|Any CPU
		{00E0E714-1EB4-4B62-950F-AE7C3BFD6766}.Debug|Any CPU.ActiveCfg = Debug|Any CPU
		{00E0E714-1EB4-4B62-950F-AE7C3BFD6766}.Debug|Any CPU.Build.0 = Debug|Any CPU
		{00E0E714-1EB4-4B62-950F-AE7C3BFD6766}.Release|Any CPU.ActiveCfg = Release|Any CPU
		{00E0E714-1EB4-4B62-950F-AE7C3BFD6766}.Release|Any CPU.Build.0 = Release|Any CPU
		{661369DC-0F78-4889-BA3B-639513A49789}.Debug|Any CPU.ActiveCfg = Debug|Any CPU
		{661369DC-0F78-4889-BA3B-639513A49789}.Debug|Any CPU.Build.0 = Debug|Any CPU
		{661369DC-0F78-4889-BA3B-639513A49789}.Release|Any CPU.ActiveCfg = Release|Any CPU
		{661369DC-0F78-4889-BA3B-639513A49789}.Release|Any CPU.Build.0 = Release|Any CPU
		{8D41010B-AEF1-4742-B7EC-6A5AE62C45FC}.Debug|Any CPU.ActiveCfg = Debug|Any CPU
		{8D41010B-AEF1-4742-B7EC-6A5AE62C45FC}.Debug|Any CPU.Build.0 = Debug|Any CPU
		{8D41010B-AEF1-4742-B7EC-6A5AE62C45FC}.Release|Any CPU.ActiveCfg = Release|Any CPU
		{8D41010B-AEF1-4742-B7EC-6A5AE62C45FC}.Release|Any CPU.Build.0 = Release|Any CPU
		{3CC97E8D-C7B9-43A3-BDFB-C21CFBCC5C36}.Debug|Any CPU.ActiveCfg = Debug|Any CPU
		{3CC97E8D-C7B9-43A3-BDFB-C21CFBCC5C36}.Debug|Any CPU.Build.0 = Debug|Any CPU
		{3CC97E8D-C7B9-43A3-BDFB-C21CFBCC5C36}.Release|Any CPU.ActiveCfg = Release|Any CPU
		{3CC97E8D-C7B9-43A3-BDFB-C21CFBCC5C36}.Release|Any CPU.Build.0 = Release|Any CPU
		{E4B499DD-1BAE-4F5C-8F66-79679C1EC164}.Debug|Any CPU.ActiveCfg = Debug|Any CPU
		{E4B499DD-1BAE-4F5C-8F66-79679C1EC164}.Debug|Any CPU.Build.0 = Debug|Any CPU
		{E4B499DD-1BAE-4F5C-8F66-79679C1EC164}.Release|Any CPU.ActiveCfg = Release|Any CPU
		{E4B499DD-1BAE-4F5C-8F66-79679C1EC164}.Release|Any CPU.Build.0 = Release|Any CPU
		{F16DC66B-90E6-4818-826B-7A6EC9ECE628}.Debug|Any CPU.ActiveCfg = Debug|Any CPU
		{F16DC66B-90E6-4818-826B-7A6EC9ECE628}.Debug|Any CPU.Build.0 = Debug|Any CPU
		{F16DC66B-90E6-4818-826B-7A6EC9ECE628}.Release|Any CPU.ActiveCfg = Release|Any CPU
		{F16DC66B-90E6-4818-826B-7A6EC9ECE628}.Release|Any CPU.Build.0 = Release|Any CPU
		{32530DDB-78D1-45F5-A1E6-0F9FC1E990AE}.Debug|Any CPU.ActiveCfg = Debug|Any CPU
		{32530DDB-78D1-45F5-A1E6-0F9FC1E990AE}.Debug|Any CPU.Build.0 = Debug|Any CPU
		{32530DDB-78D1-45F5-A1E6-0F9FC1E990AE}.Release|Any CPU.ActiveCfg = Release|Any CPU
		{32530DDB-78D1-45F5-A1E6-0F9FC1E990AE}.Release|Any CPU.Build.0 = Release|Any CPU
		{4500FFF6-99ED-4000-AFB1-00523FA1A110}.Debug|Any CPU.ActiveCfg = Debug|Any CPU
		{4500FFF6-99ED-4000-AFB1-00523FA1A110}.Debug|Any CPU.Build.0 = Debug|Any CPU
		{4500FFF6-99ED-4000-AFB1-00523FA1A110}.Release|Any CPU.ActiveCfg = Release|Any CPU
		{4500FFF6-99ED-4000-AFB1-00523FA1A110}.Release|Any CPU.Build.0 = Release|Any CPU
		{2ED26474-2C20-40B3-860C-17370C5F482D}.Debug|Any CPU.ActiveCfg = Debug|Any CPU
		{2ED26474-2C20-40B3-860C-17370C5F482D}.Debug|Any CPU.Build.0 = Debug|Any CPU
		{2ED26474-2C20-40B3-860C-17370C5F482D}.Release|Any CPU.ActiveCfg = Release|Any CPU
		{2ED26474-2C20-40B3-860C-17370C5F482D}.Release|Any CPU.Build.0 = Release|Any CPU
	EndGlobalSection
	GlobalSection(SolutionProperties) = preSolution
		HideSolutionNode = FALSE
	EndGlobalSection
	GlobalSection(NestedProjects) = preSolution
		{3CC97E8D-C7B9-43A3-BDFB-C21CFBCC5C36} = {9041F321-FE60-4DE2-938A-B8C8C9F0D652}
		{E4B499DD-1BAE-4F5C-8F66-79679C1EC164} = {9041F321-FE60-4DE2-938A-B8C8C9F0D652}
	EndGlobalSection
	GlobalSection(ExtensibilityGlobals) = postSolution
		SolutionGuid = {4B5A26C9-68C1-49D9-9F32-AF907A1730C2}
	EndGlobalSection
EndGlobal
